
Microsoft Visual Studio Solution File, Format Version 12.00
# Visual Studio Version 16
VisualStudioVersion = 16.0.33214.272
MinimumVisualStudioVersion = 10.0.40219.1
Project("{FAE04EC0-301F-11D3-BF4B-00C04F79EFBC}") = "Calculadora", "Calculadora\Calculadora.csproj", "{082743A1-5A69-498B-B298-F974FB4FD757}"
EndProject
Project("{FAE04EC0-301F-11D3-BF4B-00C04F79EFBC}") = "Calculadora.Test", "Calculadora.Test\Calculadora.Test.csproj", "{43D1E663-EB13-4440-B33D-908E7BBCC3AF}"
EndProject
Global
	GlobalSection(SolutionConfigurationPlatforms) = preSolution
		Debug|Any CPU = Debug|Any CPU
		Release|Any CPU = Release|Any CPU
	EndGlobalSection
	GlobalSection(ProjectConfigurationPlatforms) = postSolution
		{082743A1-5A69-498B-B298-F974FB4FD757}.Debug|Any CPU.ActiveCfg = Debug|Any CPU
		{082743A1-5A69-498B-B298-F974FB4FD757}.Debug|Any CPU.Build.0 = Debug|Any CPU
		{082743A1-5A69-498B-B298-F974FB4FD757}.Release|Any CPU.ActiveCfg = Release|Any CPU
		{082743A1-5A69-498B-B298-F974FB4FD757}.Release|Any CPU.Build.0 = Release|Any CPU
		{43D1E663-EB13-4440-B33D-908E7BBCC3AF}.Debug|Any CPU.ActiveCfg = Debug|Any CPU
		{43D1E663-EB13-4440-B33D-908E7BBCC3AF}.Debug|Any CPU.Build.0 = Debug|Any CPU
		{43D1E663-EB13-4440-B33D-908E7BBCC3AF}.Release|Any CPU.ActiveCfg = Release|Any CPU
		{43D1E663-EB13-4440-B33D-908E7BBCC3AF}.Release|Any CPU.Build.0 = Release|Any CPU
	EndGlobalSection
	GlobalSection(SolutionProperties) = preSolution
		HideSolutionNode = FALSE
	EndGlobalSection
	GlobalSection(ExtensibilityGlobals) = postSolution
		SolutionGuid = {332D9B53-9012-43A6-AC04-3091F9BFB767}
	EndGlobalSection
EndGlobal
